
Microsoft Visual Studio Solution File, Format Version 12.00
# Visual Studio Version 17
VisualStudioVersion = 17.7.34024.191
MinimumVisualStudioVersion = 10.0.40219.1
Project("{9A19103F-16F7-4668-BE54-9A1E7A4F7556}") = "CoinViewTikiMaui", "CoinViewTikiMaui.csproj", "{AA2BDB0E-5592-48A1-BADB-E1E7297E1F5B}"
EndProject
Project("{9A19103F-16F7-4668-BE54-9A1E7A4F7556}") = "CoinViewTikiMaui.Tests", "..\CoinViewTikiMaui.Tests\CoinViewTikiMaui.Tests.csproj", "{7EB963D1-B67A-4C70-9201-7C376645BD7A}"
EndProject
Global
	GlobalSection(SolutionConfigurationPlatforms) = preSolution
		Debug|Any CPU = Debug|Any CPU
		Release|Any CPU = Release|Any CPU
	EndGlobalSection
	GlobalSection(ProjectConfigurationPlatforms) = postSolution
		{AA2BDB0E-5592-48A1-BADB-E1E7297E1F5B}.Debug|Any CPU.ActiveCfg = Debug|Any CPU
		{AA2BDB0E-5592-48A1-BADB-E1E7297E1F5B}.Debug|Any CPU.Build.0 = Debug|Any CPU
		{AA2BDB0E-5592-48A1-BADB-E1E7297E1F5B}.Debug|Any CPU.Deploy.0 = Debug|Any CPU
		{AA2BDB0E-5592-48A1-BADB-E1E7297E1F5B}.Release|Any CPU.ActiveCfg = Release|Any CPU
		{AA2BDB0E-5592-48A1-BADB-E1E7297E1F5B}.Release|Any CPU.Build.0 = Release|Any CPU
		{AA2BDB0E-5592-48A1-BADB-E1E7297E1F5B}.Release|Any CPU.Deploy.0 = Release|Any CPU
		{7EB963D1-B67A-4C70-9201-7C376645BD7A}.Debug|Any CPU.ActiveCfg = Debug|Any CPU
		{7EB963D1-B67A-4C70-9201-7C376645BD7A}.Debug|Any CPU.Build.0 = Debug|Any CPU
		{7EB963D1-B67A-4C70-9201-7C376645BD7A}.Release|Any CPU.ActiveCfg = Release|Any CPU
		{7EB963D1-B67A-4C70-9201-7C376645BD7A}.Release|Any CPU.Build.0 = Release|Any CPU
	EndGlobalSection
	GlobalSection(SolutionProperties) = preSolution
		HideSolutionNode = FALSE
	EndGlobalSection
	GlobalSection(ExtensibilityGlobals) = postSolution
		SolutionGuid = {F84C3D8B-ABD0-429A-9A59-3E095A080C88}
	EndGlobalSection
EndGlobal
